// !$*UTF8*$!
{
	archiveVersion = 1;
	classes = {
	};
	objectVersion = 51;
	objects = {

/* Begin PBXBuildFile section */
		EE06686023ACE233008CC9AE /* Бамбинтон-Зая.mp4 in Resources */ = {isa = PBXBuildFile; fileRef = EE06685C23ACE233008CC9AE /* Бамбинтон-Зая.mp4 */; };
		EE06686123ACE233008CC9AE /* logo.png in Resources */ = {isa = PBXBuildFile; fileRef = EE06685D23ACE233008CC9AE /* logo.png */; };
		EE3BBD0823B75E5400376CEE /* AVEditorExtend.swift in Sources */ = {isa = PBXBuildFile; fileRef = EE3BBCFD23B75E5400376CEE /* AVEditorExtend.swift */; };
		EE3BBD0923B75E5400376CEE /* AudioCommand.swift in Sources */ = {isa = PBXBuildFile; fileRef = EE3BBCFF23B75E5400376CEE /* AudioCommand.swift */; };
		EE3BBD0A23B75E5400376CEE /* MediaConfig.swift in Sources */ = {isa = PBXBuildFile; fileRef = EE3BBD0023B75E5400376CEE /* MediaConfig.swift */; };
		EE3BBD0B23B75E5400376CEE /* ExportCommand.swift in Sources */ = {isa = PBXBuildFile; fileRef = EE3BBD0123B75E5400376CEE /* ExportCommand.swift */; };
		EE3BBD0C23B75E5400376CEE /* MediaCommand.swift in Sources */ = {isa = PBXBuildFile; fileRef = EE3BBD0223B75E5400376CEE /* MediaCommand.swift */; };
		EE3BBD0D23B75E5400376CEE /* WatermarkCommand.swift in Sources */ = {isa = PBXBuildFile; fileRef = EE3BBD0323B75E5400376CEE /* WatermarkCommand.swift */; };
		EE3BBD0E23B75E5400376CEE /* MediaEditor.swift in Sources */ = {isa = PBXBuildFile; fileRef = EE3BBD0423B75E5400376CEE /* MediaEditor.swift */; };
		EE3BBD0F23B75E5400376CEE /* NHAVEditor.swift in Sources */ = {isa = PBXBuildFile; fileRef = EE3BBD0523B75E5400376CEE /* NHAVEditor.swift */; };
		EE3BBD1023B75E5400376CEE /* PictureEditor.swift in Sources */ = {isa = PBXBuildFile; fileRef = EE3BBD0723B75E5400376CEE /* PictureEditor.swift */; };
		EE3BBD1223B79ED000376CEE /* 黑龙-38度6.mp3 in Resources */ = {isa = PBXBuildFile; fileRef = EE3BBD1123B79ECF00376CEE /* 黑龙-38度6.mp3 */; };
		EE742D30239A294A00EE0846 /* AppDelegate.swift in Sources */ = {isa = PBXBuildFile; fileRef = EE742D2F239A294A00EE0846 /* AppDelegate.swift */; };
		EE742D32239A294A00EE0846 /* SceneDelegate.swift in Sources */ = {isa = PBXBuildFile; fileRef = EE742D31239A294A00EE0846 /* SceneDelegate.swift */; };
		EE742D34239A294A00EE0846 /* ViewController.swift in Sources */ = {isa = PBXBuildFile; fileRef = EE742D33239A294A00EE0846 /* ViewController.swift */; };
		EE742D37239A294A00EE0846 /* Main.storyboard in Resources */ = {isa = PBXBuildFile; fileRef = EE742D35239A294A00EE0846 /* Main.storyboard */; };
		EE742D39239A294D00EE0846 /* Assets.xcassets in Resources */ = {isa = PBXBuildFile; fileRef = EE742D38239A294D00EE0846 /* Assets.xcassets */; };
		EE742D3C239A294D00EE0846 /* LaunchScreen.storyboard in Resources */ = {isa = PBXBuildFile; fileRef = EE742D3A239A294D00EE0846 /* LaunchScreen.storyboard */; };
		EE742D47239A294E00EE0846 /* NHAVEditorExamplesTests.swift in Sources */ = {isa = PBXBuildFile; fileRef = EE742D46239A294E00EE0846 /* NHAVEditorExamplesTests.swift */; };
		EE742D52239A294E00EE0846 /* NHAVEditorExamplesUITests.swift in Sources */ = {isa = PBXBuildFile; fileRef = EE742D51239A294E00EE0846 /* NHAVEditorExamplesUITests.swift */; };
		EEC17BE223BB64180058E8A9 /* ViewExtend.swift in Sources */ = {isa = PBXBuildFile; fileRef = EEC17BE123BB64180058E8A9 /* ViewExtend.swift */; };
		FEFD66BE120BE4824E035E2B /* Pods_NHAVEditorExamples.framework in Frameworks */ = {isa = PBXBuildFile; fileRef = 0371B3A70596D2130F846170 /* Pods_NHAVEditorExamples.framework */; };
/* End PBXBuildFile section */

/* Begin PBXContainerItemProxy section */
		EE742D43239A294E00EE0846 /* PBXContainerItemProxy */ = {
			isa = PBXContainerItemProxy;
			containerPortal = EE742D24239A294A00EE0846 /* Project object */;
			proxyType = 1;
			remoteGlobalIDString = EE742D2B239A294A00EE0846;
			remoteInfo = NHAVEditorExamples;
		};
		EE742D4E239A294E00EE0846 /* PBXContainerItemProxy */ = {
			isa = PBXContainerItemProxy;
			containerPortal = EE742D24239A294A00EE0846 /* Project object */;
			proxyType = 1;
			remoteGlobalIDString = EE742D2B239A294A00EE0846;
			remoteInfo = NHAVEditorExamples;
		};
/* End PBXContainerItemProxy section */

/* Begin PBXFileReference section */
		0371B3A70596D2130F846170 /* Pods_NHAVEditorExamples.framework */ = {isa = PBXFileReference; explicitFileType = wrapper.framework; includeInIndex = 0; path = Pods_NHAVEditorExamples.framework; sourceTree = BUILT_PRODUCTS_DIR; };
		057F23FCA7103EFE1D7332B4 /* Pods-NHAVEditorExamples.debug.xcconfig */ = {isa = PBXFileReference; includeInIndex = 1; lastKnownFileType = text.xcconfig; name = "Pods-NHAVEditorExamples.debug.xcconfig"; path = "Target Support Files/Pods-NHAVEditorExamples/Pods-NHAVEditorExamples.debug.xcconfig"; sourceTree = "<group>"; };
		B5C2509810C1ADB28CFFB653 /* Pods-NHAVEditorExamples.release.xcconfig */ = {isa = PBXFileReference; includeInIndex = 1; lastKnownFileType = text.xcconfig; name = "Pods-NHAVEditorExamples.release.xcconfig"; path = "Target Support Files/Pods-NHAVEditorExamples/Pods-NHAVEditorExamples.release.xcconfig"; sourceTree = "<group>"; };
		EE06685C23ACE233008CC9AE /* Бамбинтон-Зая.mp4 */ = {isa = PBXFileReference; lastKnownFileType = file; path = "Бамбинтон-Зая.mp4"; sourceTree = "<group>"; };
		EE06685D23ACE233008CC9AE /* logo.png */ = {isa = PBXFileReference; lastKnownFileType = image.png; path = logo.png; sourceTree = "<group>"; };
		EE3BBCFD23B75E5400376CEE /* AVEditorExtend.swift */ = {isa = PBXFileReference; fileEncoding = 4; lastKnownFileType = sourcecode.swift; path = AVEditorExtend.swift; sourceTree = "<group>"; };
		EE3BBCFF23B75E5400376CEE /* AudioCommand.swift */ = {isa = PBXFileReference; fileEncoding = 4; lastKnownFileType = sourcecode.swift; path = AudioCommand.swift; sourceTree = "<group>"; };
		EE3BBD0023B75E5400376CEE /* MediaConfig.swift */ = {isa = PBXFileReference; fileEncoding = 4; lastKnownFileType = sourcecode.swift; path = MediaConfig.swift; sourceTree = "<group>"; };
		EE3BBD0123B75E5400376CEE /* ExportCommand.swift */ = {isa = PBXFileReference; fileEncoding = 4; lastKnownFileType = sourcecode.swift; path = ExportCommand.swift; sourceTree = "<group>"; };
		EE3BBD0223B75E5400376CEE /* MediaCommand.swift */ = {isa = PBXFileReference; fileEncoding = 4; lastKnownFileType = sourcecode.swift; path = MediaCommand.swift; sourceTree = "<group>"; };
		EE3BBD0323B75E5400376CEE /* WatermarkCommand.swift */ = {isa = PBXFileReference; fileEncoding = 4; lastKnownFileType = sourcecode.swift; path = WatermarkCommand.swift; sourceTree = "<group>"; };
		EE3BBD0423B75E5400376CEE /* MediaEditor.swift */ = {isa = PBXFileReference; fileEncoding = 4; lastKnownFileType = sourcecode.swift; path = MediaEditor.swift; sourceTree = "<group>"; };
		EE3BBD0523B75E5400376CEE /* NHAVEditor.swift */ = {isa = PBXFileReference; fileEncoding = 4; lastKnownFileType = sourcecode.swift; path = NHAVEditor.swift; sourceTree = "<group>"; };
		EE3BBD0723B75E5400376CEE /* PictureEditor.swift */ = {isa = PBXFileReference; fileEncoding = 4; lastKnownFileType = sourcecode.swift; path = PictureEditor.swift; sourceTree = "<group>"; };
		EE3BBD1123B79ECF00376CEE /* 黑龙-38度6.mp3 */ = {isa = PBXFileReference; lastKnownFileType = audio.mp3; path = "黑龙-38度6.mp3"; sourceTree = "<group>"; };
		EE742D2C239A294A00EE0846 /* NHAVEditorExamples.app */ = {isa = PBXFileReference; explicitFileType = wrapper.application; includeInIndex = 0; path = NHAVEditorExamples.app; sourceTree = BUILT_PRODUCTS_DIR; };
		EE742D2F239A294A00EE0846 /* AppDelegate.swift */ = {isa = PBXFileReference; lastKnownFileType = sourcecode.swift; path = AppDelegate.swift; sourceTree = "<group>"; };
		EE742D31239A294A00EE0846 /* SceneDelegate.swift */ = {isa = PBXFileReference; lastKnownFileType = sourcecode.swift; path = SceneDelegate.swift; sourceTree = "<group>"; };
		EE742D33239A294A00EE0846 /* ViewController.swift */ = {isa = PBXFileReference; lastKnownFileType = sourcecode.swift; path = ViewController.swift; sourceTree = "<group>"; };
		EE742D36239A294A00EE0846 /* Base */ = {isa = PBXFileReference; lastKnownFileType = file.storyboard; name = Base; path = Base.lproj/Main.storyboard; sourceTree = "<group>"; };
		EE742D38239A294D00EE0846 /* Assets.xcassets */ = {isa = PBXFileReference; lastKnownFileType = folder.assetcatalog; path = Assets.xcassets; sourceTree = "<group>"; };
		EE742D3B239A294D00EE0846 /* Base */ = {isa = PBXFileReference; lastKnownFileType = file.storyboard; name = Base; path = Base.lproj/LaunchScreen.storyboard; sourceTree = "<group>"; };
		EE742D3D239A294E00EE0846 /* Info.plist */ = {isa = PBXFileReference; lastKnownFileType = text.plist.xml; path = Info.plist; sourceTree = "<group>"; };
		EE742D42239A294E00EE0846 /* NHAVEditorExamplesTests.xctest */ = {isa = PBXFileReference; explicitFileType = wrapper.cfbundle; includeInIndex = 0; path = NHAVEditorExamplesTests.xctest; sourceTree = BUILT_PRODUCTS_DIR; };
		EE742D46239A294E00EE0846 /* NHAVEditorExamplesTests.swift */ = {isa = PBXFileReference; lastKnownFileType = sourcecode.swift; path = NHAVEditorExamplesTests.swift; sourceTree = "<group>"; };
		EE742D48239A294E00EE0846 /* Info.plist */ = {isa = PBXFileReference; lastKnownFileType = text.plist.xml; path = Info.plist; sourceTree = "<group>"; };
		EE742D4D239A294E00EE0846 /* NHAVEditorExamplesUITests.xctest */ = {isa = PBXFileReference; explicitFileType = wrapper.cfbundle; includeInIndex = 0; path = NHAVEditorExamplesUITests.xctest; sourceTree = BUILT_PRODUCTS_DIR; };
		EE742D51239A294E00EE0846 /* NHAVEditorExamplesUITests.swift */ = {isa = PBXFileReference; lastKnownFileType = sourcecode.swift; path = NHAVEditorExamplesUITests.swift; sourceTree = "<group>"; };
		EE742D53239A294E00EE0846 /* Info.plist */ = {isa = PBXFileReference; lastKnownFileType = text.plist.xml; path = Info.plist; sourceTree = "<group>"; };
		EEC17BE123BB64180058E8A9 /* ViewExtend.swift */ = {isa = PBXFileReference; lastKnownFileType = sourcecode.swift; path = ViewExtend.swift; sourceTree = "<group>"; };
/* End PBXFileReference section */

/* Begin PBXFrameworksBuildPhase section */
		EE742D29239A294A00EE0846 /* Frameworks */ = {
			isa = PBXFrameworksBuildPhase;
			buildActionMask = 2147483647;
			files = (
				FEFD66BE120BE4824E035E2B /* Pods_NHAVEditorExamples.framework in Frameworks */,
			);
			runOnlyForDeploymentPostprocessing = 0;
		};
		EE742D3F239A294E00EE0846 /* Frameworks */ = {
			isa = PBXFrameworksBuildPhase;
			buildActionMask = 2147483647;
			files = (
			);
			runOnlyForDeploymentPostprocessing = 0;
		};
		EE742D4A239A294E00EE0846 /* Frameworks */ = {
			isa = PBXFrameworksBuildPhase;
			buildActionMask = 2147483647;
			files = (
			);
			runOnlyForDeploymentPostprocessing = 0;
		};
/* End PBXFrameworksBuildPhase section */

/* Begin PBXGroup section */
		79B17F6C02F342A5CA4EDAA9 /* Frameworks */ = {
			isa = PBXGroup;
			children = (
				0371B3A70596D2130F846170 /* Pods_NHAVEditorExamples.framework */,
			);
			name = Frameworks;
			sourceTree = "<group>";
		};
		D29040F5A7E6B75E658B36FA /* Pods */ = {
			isa = PBXGroup;
			children = (
				057F23FCA7103EFE1D7332B4 /* Pods-NHAVEditorExamples.debug.xcconfig */,
				B5C2509810C1ADB28CFFB653 /* Pods-NHAVEditorExamples.release.xcconfig */,
			);
			path = Pods;
			sourceTree = "<group>";
		};
		EE06685A23ACE233008CC9AE /* Resources */ = {
			isa = PBXGroup;
			children = (
				EE3BBD1123B79ECF00376CEE /* 黑龙-38度6.mp3 */,
				EE06685C23ACE233008CC9AE /* Бамбинтон-Зая.mp4 */,
				EE06685D23ACE233008CC9AE /* logo.png */,
			);
			path = Resources;
			sourceTree = "<group>";
		};
		EE3BBCFB23B75E5400376CEE /* NHAVEditor */ = {
			isa = PBXGroup;
			children = (
				EE3BBCFC23B75E5400376CEE /* Unit */,
				EE3BBCFE23B75E5400376CEE /* Core */,
				EE3BBD0523B75E5400376CEE /* NHAVEditor.swift */,
				EE3BBD0623B75E5400376CEE /* Accessory */,
			);
			name = NHAVEditor;
			path = ../NHAVEditor;
			sourceTree = "<group>";
		};
		EE3BBCFC23B75E5400376CEE /* Unit */ = {
			isa = PBXGroup;
			children = (
				EE3BBCFD23B75E5400376CEE /* AVEditorExtend.swift */,
			);
			path = Unit;
			sourceTree = "<group>";
		};
		EE3BBCFE23B75E5400376CEE /* Core */ = {
			isa = PBXGroup;
			children = (
				EE3BBCFF23B75E5400376CEE /* AudioCommand.swift */,
				EE3BBD0023B75E5400376CEE /* MediaConfig.swift */,
				EE3BBD0123B75E5400376CEE /* ExportCommand.swift */,
				EE3BBD0223B75E5400376CEE /* MediaCommand.swift */,
				EE3BBD0323B75E5400376CEE /* WatermarkCommand.swift */,
				EE3BBD0423B75E5400376CEE /* MediaEditor.swift */,
			);
			path = Core;
			sourceTree = "<group>";
		};
		EE3BBD0623B75E5400376CEE /* Accessory */ = {
			isa = PBXGroup;
			children = (
				EE3BBD0723B75E5400376CEE /* PictureEditor.swift */,
			);
			path = Accessory;
			sourceTree = "<group>";
		};
		EE742D23239A294A00EE0846 = {
			isa = PBXGroup;
			children = (
				EE3BBCFB23B75E5400376CEE /* NHAVEditor */,
				EE742D2E239A294A00EE0846 /* NHAVEditorExamples */,
				EE742D45239A294E00EE0846 /* NHAVEditorExamplesTests */,
				EE742D50239A294E00EE0846 /* NHAVEditorExamplesUITests */,
				EE742D2D239A294A00EE0846 /* Products */,
				D29040F5A7E6B75E658B36FA /* Pods */,
				79B17F6C02F342A5CA4EDAA9 /* Frameworks */,
			);
			sourceTree = "<group>";
		};
		EE742D2D239A294A00EE0846 /* Products */ = {
			isa = PBXGroup;
			children = (
				EE742D2C239A294A00EE0846 /* NHAVEditorExamples.app */,
				EE742D42239A294E00EE0846 /* NHAVEditorExamplesTests.xctest */,
				EE742D4D239A294E00EE0846 /* NHAVEditorExamplesUITests.xctest */,
			);
			name = Products;
			sourceTree = "<group>";
		};
		EE742D2E239A294A00EE0846 /* NHAVEditorExamples */ = {
			isa = PBXGroup;
			children = (
				EE742D2F239A294A00EE0846 /* AppDelegate.swift */,
				EE742D31239A294A00EE0846 /* SceneDelegate.swift */,
				EE742D33239A294A00EE0846 /* ViewController.swift */,
				EEC17BE123BB64180058E8A9 /* ViewExtend.swift */,
				EE742D35239A294A00EE0846 /* Main.storyboard */,
				EE06685A23ACE233008CC9AE /* Resources */,
				EE742D38239A294D00EE0846 /* Assets.xcassets */,
				EE742D3A239A294D00EE0846 /* LaunchScreen.storyboard */,
				EE742D3D239A294E00EE0846 /* Info.plist */,
			);
			path = NHAVEditorExamples;
			sourceTree = "<group>";
		};
		EE742D45239A294E00EE0846 /* NHAVEditorExamplesTests */ = {
			isa = PBXGroup;
			children = (
				EE742D46239A294E00EE0846 /* NHAVEditorExamplesTests.swift */,
				EE742D48239A294E00EE0846 /* Info.plist */,
			);
			path = NHAVEditorExamplesTests;
			sourceTree = "<group>";
		};
		EE742D50239A294E00EE0846 /* NHAVEditorExamplesUITests */ = {
			isa = PBXGroup;
			children = (
				EE742D51239A294E00EE0846 /* NHAVEditorExamplesUITests.swift */,
				EE742D53239A294E00EE0846 /* Info.plist */,
			);
			path = NHAVEditorExamplesUITests;
			sourceTree = "<group>";
		};
/* End PBXGroup section */

/* Begin PBXNativeTarget section */
		EE742D2B239A294A00EE0846 /* NHAVEditorExamples */ = {
			isa = PBXNativeTarget;
			buildConfigurationList = EE742D56239A294E00EE0846 /* Build configuration list for PBXNativeTarget "NHAVEditorExamples" */;
			buildPhases = (
				0E5CE37F002D7A80BDDEA0F9 /* [CP] Check Pods Manifest.lock */,
				EE742D28239A294A00EE0846 /* Sources */,
				EE742D29239A294A00EE0846 /* Frameworks */,
				EE742D2A239A294A00EE0846 /* Resources */,
				FA5B20C85D235666A87CD92A /* [CP] Embed Pods Frameworks */,
			);
			buildRules = (
			);
			dependencies = (
			);
			name = NHAVEditorExamples;
			productName = NHAVEditorExamples;
			productReference = EE742D2C239A294A00EE0846 /* NHAVEditorExamples.app */;
			productType = "com.apple.product-type.application";
		};
		EE742D41239A294E00EE0846 /* NHAVEditorExamplesTests */ = {
			isa = PBXNativeTarget;
			buildConfigurationList = EE742D59239A294E00EE0846 /* Build configuration list for PBXNativeTarget "NHAVEditorExamplesTests" */;
			buildPhases = (
				EE742D3E239A294E00EE0846 /* Sources */,
				EE742D3F239A294E00EE0846 /* Frameworks */,
				EE742D40239A294E00EE0846 /* Resources */,
			);
			buildRules = (
			);
			dependencies = (
				EE742D44239A294E00EE0846 /* PBXTargetDependency */,
			);
			name = NHAVEditorExamplesTests;
			productName = NHAVEditorExamplesTests;
			productReference = EE742D42239A294E00EE0846 /* NHAVEditorExamplesTests.xctest */;
			productType = "com.apple.product-type.bundle.unit-test";
		};
		EE742D4C239A294E00EE0846 /* NHAVEditorExamplesUITests */ = {
			isa = PBXNativeTarget;
			buildConfigurationList = EE742D5C239A294E00EE0846 /* Build configuration list for PBXNativeTarget "NHAVEditorExamplesUITests" */;
			buildPhases = (
				EE742D49239A294E00EE0846 /* Sources */,
				EE742D4A239A294E00EE0846 /* Frameworks */,
				EE742D4B239A294E00EE0846 /* Resources */,
			);
			buildRules = (
			);
			dependencies = (
				EE742D4F239A294E00EE0846 /* PBXTargetDependency */,
			);
			name = NHAVEditorExamplesUITests;
			productName = NHAVEditorExamplesUITests;
			productReference = EE742D4D239A294E00EE0846 /* NHAVEditorExamplesUITests.xctest */;
			productType = "com.apple.product-type.bundle.ui-testing";
		};
/* End PBXNativeTarget section */

/* Begin PBXProject section */
		EE742D24239A294A00EE0846 /* Project object */ = {
			isa = PBXProject;
			attributes = {
				LastSwiftUpdateCheck = 1120;
				LastUpgradeCheck = 1120;
				ORGANIZATIONNAME = nenhall;
				TargetAttributes = {
					EE742D2B239A294A00EE0846 = {
						CreatedOnToolsVersion = 11.2.1;
					};
					EE742D41239A294E00EE0846 = {
						CreatedOnToolsVersion = 11.2.1;
						TestTargetID = EE742D2B239A294A00EE0846;
					};
					EE742D4C239A294E00EE0846 = {
						CreatedOnToolsVersion = 11.2.1;
						TestTargetID = EE742D2B239A294A00EE0846;
					};
				};
			};
			buildConfigurationList = EE742D27239A294A00EE0846 /* Build configuration list for PBXProject "NHAVEditorExamples" */;
			compatibilityVersion = "Xcode 9.3";
			developmentRegion = en;
			hasScannedForEncodings = 0;
			knownRegions = (
				en,
				Base,
			);
			mainGroup = EE742D23239A294A00EE0846;
			productRefGroup = EE742D2D239A294A00EE0846 /* Products */;
			projectDirPath = "";
			projectRoot = "";
			targets = (
				EE742D2B239A294A00EE0846 /* NHAVEditorExamples */,
				EE742D41239A294E00EE0846 /* NHAVEditorExamplesTests */,
				EE742D4C239A294E00EE0846 /* NHAVEditorExamplesUITests */,
			);
		};
/* End PBXProject section */

/* Begin PBXResourcesBuildPhase section */
		EE742D2A239A294A00EE0846 /* Resources */ = {
			isa = PBXResourcesBuildPhase;
			buildActionMask = 2147483647;
			files = (
				EE742D3C239A294D00EE0846 /* LaunchScreen.storyboard in Resources */,
				EE742D39239A294D00EE0846 /* Assets.xcassets in Resources */,
				EE06686123ACE233008CC9AE /* logo.png in Resources */,
				EE3BBD1223B79ED000376CEE /* 黑龙-38度6.mp3 in Resources */,
				EE06686023ACE233008CC9AE /* Бамбинтон-Зая.mp4 in Resources */,
				EE742D37239A294A00EE0846 /* Main.storyboard in Resources */,
			);
			runOnlyForDeploymentPostprocessing = 0;
		};
		EE742D40239A294E00EE0846 /* Resources */ = {
			isa = PBXResourcesBuildPhase;
			buildActionMask = 2147483647;
			files = (
			);
			runOnlyForDeploymentPostprocessing = 0;
		};
		EE742D4B239A294E00EE0846 /* Resources */ = {
			isa = PBXResourcesBuildPhase;
			buildActionMask = 2147483647;
			files = (
			);
			runOnlyForDeploymentPostprocessing = 0;
		};
/* End PBXResourcesBuildPhase section */

/* Begin PBXShellScriptBuildPhase section */
		0E5CE37F002D7A80BDDEA0F9 /* [CP] Check Pods Manifest.lock */ = {
			isa = PBXShellScriptBuildPhase;
			buildActionMask = 2147483647;
			files = (
			);
			inputFileListPaths = (
			);
			inputPaths = (
				"${PODS_PODFILE_DIR_PATH}/Podfile.lock",
				"${PODS_ROOT}/Manifest.lock",
			);
			name = "[CP] Check Pods Manifest.lock";
			outputFileListPaths = (
			);
			outputPaths = (
				"$(DERIVED_FILE_DIR)/Pods-NHAVEditorExamples-checkManifestLockResult.txt",
			);
			runOnlyForDeploymentPostprocessing = 0;
			shellPath = /bin/sh;
			shellScript = "diff \"${PODS_PODFILE_DIR_PATH}/Podfile.lock\" \"${PODS_ROOT}/Manifest.lock\" > /dev/null\nif [ $? != 0 ] ; then\n    # print error to STDERR\n    echo \"error: The sandbox is not in sync with the Podfile.lock. Run 'pod install' or update your CocoaPods installation.\" >&2\n    exit 1\nfi\n# This output is used by Xcode 'outputs' to avoid re-running this script phase.\necho \"SUCCESS\" > \"${SCRIPT_OUTPUT_FILE_0}\"\n";
			showEnvVarsInLog = 0;
		};
		FA5B20C85D235666A87CD92A /* [CP] Embed Pods Frameworks */ = {
			isa = PBXShellScriptBuildPhase;
			buildActionMask = 2147483647;
			files = (
			);
			inputFileListPaths = (
				"${PODS_ROOT}/Target Support Files/Pods-NHAVEditorExamples/Pods-NHAVEditorExamples-frameworks-${CONFIGURATION}-input-files.xcfilelist",
			);
			name = "[CP] Embed Pods Frameworks";
			outputFileListPaths = (
				"${PODS_ROOT}/Target Support Files/Pods-NHAVEditorExamples/Pods-NHAVEditorExamples-frameworks-${CONFIGURATION}-output-files.xcfilelist",
			);
			runOnlyForDeploymentPostprocessing = 0;
			shellPath = /bin/sh;
			shellScript = "\"${PODS_ROOT}/Target Support Files/Pods-NHAVEditorExamples/Pods-NHAVEditorExamples-frameworks.sh\"\n";
			showEnvVarsInLog = 0;
		};
/* End PBXShellScriptBuildPhase section */

/* Begin PBXSourcesBuildPhase section */
		EE742D28239A294A00EE0846 /* Sources */ = {
			isa = PBXSourcesBuildPhase;
			buildActionMask = 2147483647;
			files = (
				EE742D34239A294A00EE0846 /* ViewController.swift in Sources */,
				EE3BBD0F23B75E5400376CEE /* NHAVEditor.swift in Sources */,
				EEC17BE223BB64180058E8A9 /* ViewExtend.swift in Sources */,
				EE3BBD0B23B75E5400376CEE /* ExportCommand.swift in Sources */,
				EE3BBD0823B75E5400376CEE /* AVEditorExtend.swift in Sources */,
				EE3BBD0923B75E5400376CEE /* AudioCommand.swift in Sources */,
				EE3BBD0C23B75E5400376CEE /* MediaCommand.swift in Sources */,
				EE742D30239A294A00EE0846 /* AppDelegate.swift in Sources */,
				EE3BBD0D23B75E5400376CEE /* WatermarkCommand.swift in Sources */,
				EE3BBD0A23B75E5400376CEE /* MediaConfig.swift in Sources */,
				EE3BBD1023B75E5400376CEE /* PictureEditor.swift in Sources */,
				EE742D32239A294A00EE0846 /* SceneDelegate.swift in Sources */,
				EE3BBD0E23B75E5400376CEE /* MediaEditor.swift in Sources */,
			);
			runOnlyForDeploymentPostprocessing = 0;
		};
		EE742D3E239A294E00EE0846 /* Sources */ = {
			isa = PBXSourcesBuildPhase;
			buildActionMask = 2147483647;
			files = (
				EE742D47239A294E00EE0846 /* NHAVEditorExamplesTests.swift in Sources */,
			);
			runOnlyForDeploymentPostprocessing = 0;
		};
		EE742D49239A294E00EE0846 /* Sources */ = {
			isa = PBXSourcesBuildPhase;
			buildActionMask = 2147483647;
			files = (
				EE742D52239A294E00EE0846 /* NHAVEditorExamplesUITests.swift in Sources */,
			);
			runOnlyForDeploymentPostprocessing = 0;
		};
/* End PBXSourcesBuildPhase section */

/* Begin PBXTargetDependency section */
		EE742D44239A294E00EE0846 /* PBXTargetDependency */ = {
			isa = PBXTargetDependency;
			target = EE742D2B239A294A00EE0846 /* NHAVEditorExamples */;
			targetProxy = EE742D43239A294E00EE0846 /* PBXContainerItemProxy */;
		};
		EE742D4F239A294E00EE0846 /* PBXTargetDependency */ = {
			isa = PBXTargetDependency;
			target = EE742D2B239A294A00EE0846 /* NHAVEditorExamples */;
			targetProxy = EE742D4E239A294E00EE0846 /* PBXContainerItemProxy */;
		};
/* End PBXTargetDependency section */

/* Begin PBXVariantGroup section */
		EE742D35239A294A00EE0846 /* Main.storyboard */ = {
			isa = PBXVariantGroup;
			children = (
				EE742D36239A294A00EE0846 /* Base */,
			);
			name = Main.storyboard;
			sourceTree = "<group>";
		};
		EE742D3A239A294D00EE0846 /* LaunchScreen.storyboard */ = {
			isa = PBXVariantGroup;
			children = (
				EE742D3B239A294D00EE0846 /* Base */,
			);
			name = LaunchScreen.storyboard;
			sourceTree = "<group>";
		};
/* End PBXVariantGroup section */

/* Begin XCBuildConfiguration section */
		EE742D54239A294E00EE0846 /* Debug */ = {
			isa = XCBuildConfiguration;
			buildSettings = {
				ALWAYS_SEARCH_USER_PATHS = NO;
				CLANG_ANALYZER_NONNULL = YES;
				CLANG_ANALYZER_NUMBER_OBJECT_CONVERSION = YES_AGGRESSIVE;
				CLANG_CXX_LANGUAGE_STANDARD = "gnu++14";
				CLANG_CXX_LIBRARY = "libc++";
				CLANG_ENABLE_MODULES = YES;
				CLANG_ENABLE_OBJC_ARC = YES;
				CLANG_ENABLE_OBJC_WEAK = YES;
				CLANG_WARN_BLOCK_CAPTURE_AUTORELEASING = YES;
				CLANG_WARN_BOOL_CONVERSION = YES;
				CLANG_WARN_COMMA = YES;
				CLANG_WARN_CONSTANT_CONVERSION = YES;
				CLANG_WARN_DEPRECATED_OBJC_IMPLEMENTATIONS = YES;
				CLANG_WARN_DIRECT_OBJC_ISA_USAGE = YES_ERROR;
				CLANG_WARN_DOCUMENTATION_COMMENTS = YES;
				CLANG_WARN_EMPTY_BODY = YES;
				CLANG_WARN_ENUM_CONVERSION = YES;
				CLANG_WARN_INFINITE_RECURSION = YES;
				CLANG_WARN_INT_CONVERSION = YES;
				CLANG_WARN_NON_LITERAL_NULL_CONVERSION = YES;
				CLANG_WARN_OBJC_IMPLICIT_RETAIN_SELF = YES;
				CLANG_WARN_OBJC_LITERAL_CONVERSION = YES;
				CLANG_WARN_OBJC_ROOT_CLASS = YES_ERROR;
				CLANG_WARN_RANGE_LOOP_ANALYSIS = YES;
				CLANG_WARN_STRICT_PROTOTYPES = YES;
				CLANG_WARN_SUSPICIOUS_MOVE = YES;
				CLANG_WARN_UNGUARDED_AVAILABILITY = YES_AGGRESSIVE;
				CLANG_WARN_UNREACHABLE_CODE = YES;
				CLANG_WARN__DUPLICATE_METHOD_MATCH = YES;
				COPY_PHASE_STRIP = NO;
				DEBUG_INFORMATION_FORMAT = dwarf;
				ENABLE_STRICT_OBJC_MSGSEND = YES;
				ENABLE_TESTABILITY = YES;
				GCC_C_LANGUAGE_STANDARD = gnu11;
				GCC_DYNAMIC_NO_PIC = NO;
				GCC_NO_COMMON_BLOCKS = YES;
				GCC_OPTIMIZATION_LEVEL = 0;
				GCC_PREPROCESSOR_DEFINITIONS = (
					"DEBUG=1",
					"$(inherited)",
				);
				GCC_WARN_64_TO_32_BIT_CONVERSION = YES;
				GCC_WARN_ABOUT_RETURN_TYPE = YES_ERROR;
				GCC_WARN_UNDECLARED_SELECTOR = YES;
				GCC_WARN_UNINITIALIZED_AUTOS = YES_AGGRESSIVE;
				GCC_WARN_UNUSED_FUNCTION = YES;
				GCC_WARN_UNUSED_VARIABLE = YES;
				IPHONEOS_DEPLOYMENT_TARGET = 13.2;
				MTL_ENABLE_DEBUG_INFO = INCLUDE_SOURCE;
				MTL_FAST_MATH = YES;
				ONLY_ACTIVE_ARCH = YES;
				SDKROOT = iphoneos;
				SWIFT_ACTIVE_COMPILATION_CONDITIONS = DEBUG;
				SWIFT_OPTIMIZATION_LEVEL = "-Onone";
			};
			name = Debug;
		};
		EE742D55239A294E00EE0846 /* Release */ = {
			isa = XCBuildConfiguration;
			buildSettings = {
				ALWAYS_SEARCH_USER_PATHS = NO;
				CLANG_ANALYZER_NONNULL = YES;
				CLANG_ANALYZER_NUMBER_OBJECT_CONVERSION = YES_AGGRESSIVE;
				CLANG_CXX_LANGUAGE_STANDARD = "gnu++14";
				CLANG_CXX_LIBRARY = "libc++";
				CLANG_ENABLE_MODULES = YES;
				CLANG_ENABLE_OBJC_ARC = YES;
				CLANG_ENABLE_OBJC_WEAK = YES;
				CLANG_WARN_BLOCK_CAPTURE_AUTORELEASING = YES;
				CLANG_WARN_BOOL_CONVERSION = YES;
				CLANG_WARN_COMMA = YES;
				CLANG_WARN_CONSTANT_CONVERSION = YES;
				CLANG_WARN_DEPRECATED_OBJC_IMPLEMENTATIONS = YES;
				CLANG_WARN_DIRECT_OBJC_ISA_USAGE = YES_ERROR;
				CLANG_WARN_DOCUMENTATION_COMMENTS = YES;
				CLANG_WARN_EMPTY_BODY = YES;
				CLANG_WARN_ENUM_CONVERSION = YES;
				CLANG_WARN_INFINITE_RECURSION = YES;
				CLANG_WARN_INT_CONVERSION = YES;
				CLANG_WARN_NON_LITERAL_NULL_CONVERSION = YES;
				CLANG_WARN_OBJC_IMPLICIT_RETAIN_SELF = YES;
				CLANG_WARN_OBJC_LITERAL_CONVERSION = YES;
				CLANG_WARN_OBJC_ROOT_CLASS = YES_ERROR;
				CLANG_WARN_RANGE_LOOP_ANALYSIS = YES;
				CLANG_WARN_STRICT_PROTOTYPES = YES;
				CLANG_WARN_SUSPICIOUS_MOVE = YES;
				CLANG_WARN_UNGUARDED_AVAILABILITY = YES_AGGRESSIVE;
				CLANG_WARN_UNREACHABLE_CODE = YES;
				CLANG_WARN__DUPLICATE_METHOD_MATCH = YES;
				COPY_PHASE_STRIP = NO;
				DEBUG_INFORMATION_FORMAT = "dwarf-with-dsym";
				ENABLE_NS_ASSERTIONS = NO;
				ENABLE_STRICT_OBJC_MSGSEND = YES;
				GCC_C_LANGUAGE_STANDARD = gnu11;
				GCC_NO_COMMON_BLOCKS = YES;
				GCC_WARN_64_TO_32_BIT_CONVERSION = YES;
				GCC_WARN_ABOUT_RETURN_TYPE = YES_ERROR;
				GCC_WARN_UNDECLARED_SELECTOR = YES;
				GCC_WARN_UNINITIALIZED_AUTOS = YES_AGGRESSIVE;
				GCC_WARN_UNUSED_FUNCTION = YES;
				GCC_WARN_UNUSED_VARIABLE = YES;
				IPHONEOS_DEPLOYMENT_TARGET = 13.2;
				MTL_ENABLE_DEBUG_INFO = NO;
				MTL_FAST_MATH = YES;
				SDKROOT = iphoneos;
				SWIFT_COMPILATION_MODE = wholemodule;
				SWIFT_OPTIMIZATION_LEVEL = "-O";
				VALIDATE_PRODUCT = YES;
			};
			name = Release;
		};
		EE742D57239A294E00EE0846 /* Debug */ = {
			isa = XCBuildConfiguration;
			baseConfigurationReference = 057F23FCA7103EFE1D7332B4 /* Pods-NHAVEditorExamples.debug.xcconfig */;
			buildSettings = {
				ASSETCATALOG_COMPILER_APPICON_NAME = AppIcon;
				CODE_SIGN_STYLE = Automatic;
				DEVELOPMENT_TEAM = ZPRFW6HFT6;
				HEADER_SEARCH_PATHS = (
					"$(inherited)",
					"\"${PODS_CONFIGURATION_BUILD_DIR}/NHAVEditor/NHAVEditor.framework/Headers\"",
					"\"$(SRCROOT)/../NHAVEditor/\"",
				);
				INFOPLIST_FILE = NHAVEditorExamples/Info.plist;
				IPHONEOS_DEPLOYMENT_TARGET = 9.0;
				LD_RUNPATH_SEARCH_PATHS = (
					"$(inherited)",
					"@executable_path/Frameworks",
				);
				PRODUCT_BUNDLE_IDENTIFIER = com.nenhall.test5;
				PRODUCT_NAME = "$(TARGET_NAME)";
				SWIFT_VERSION = 5.0;
				TARGETED_DEVICE_FAMILY = "1,2";
			};
			name = Debug;
		};
		EE742D58239A294E00EE0846 /* Release */ = {
			isa = XCBuildConfiguration;
			baseConfigurationReference = B5C2509810C1ADB28CFFB653 /* Pods-NHAVEditorExamples.release.xcconfig */;
			buildSettings = {
				ASSETCATALOG_COMPILER_APPICON_NAME = AppIcon;
				CODE_SIGN_STYLE = Automatic;
				DEVELOPMENT_TEAM = ZPRFW6HFT6;
				HEADER_SEARCH_PATHS = (
					"$(inherited)",
					"\"${PODS_CONFIGURATION_BUILD_DIR}/NHAVEditor/NHAVEditor.framework/Headers\"",
					"\"$(SRCROOT)/../NHAVEditor/\"",
				);
				INFOPLIST_FILE = NHAVEditorExamples/Info.plist;
				IPHONEOS_DEPLOYMENT_TARGET = 9.0;
				LD_RUNPATH_SEARCH_PATHS = (
					"$(inherited)",
					"@executable_path/Frameworks",
				);
				PRODUCT_BUNDLE_IDENTIFIER = com.nenhall.test5;
				PRODUCT_NAME = "$(TARGET_NAME)";
				SWIFT_VERSION = 5.0;
				TARGETED_DEVICE_FAMILY = "1,2";
			};
			name = Release;
		};
		EE742D5A239A294E00EE0846 /* Debug */ = {
			isa = XCBuildConfiguration;
			buildSettings = {
				ALWAYS_EMBED_SWIFT_STANDARD_LIBRARIES = YES;
				BUNDLE_LOADER = "$(TEST_HOST)";
				CODE_SIGN_STYLE = Automatic;
				DEVELOPMENT_TEAM = ZPRFW6HFT6;
				INFOPLIST_FILE = NHAVEditorExamplesTests/Info.plist;
				IPHONEOS_DEPLOYMENT_TARGET = 13.2;
				LD_RUNPATH_SEARCH_PATHS = (
					"$(inherited)",
					"@executable_path/Frameworks",
					"@loader_path/Frameworks",
				);
				PRODUCT_BUNDLE_IDENTIFIER = com.nenhall.test4.NHAVEditorExamplesTests;
				PRODUCT_NAME = "$(TARGET_NAME)";
				SWIFT_VERSION = 5.0;
				TARGETED_DEVICE_FAMILY = "1,2";
				TEST_HOST = "$(BUILT_PRODUCTS_DIR)/NHAVEditorExamples.app/NHAVEditorExamples";
			};
			name = Debug;
		};
		EE742D5B239A294E00EE0846 /* Release */ = {
			isa = XCBuildConfiguration;
			buildSettings = {
				ALWAYS_EMBED_SWIFT_STANDARD_LIBRARIES = YES;
				BUNDLE_LOADER = "$(TEST_HOST)";
				CODE_SIGN_STYLE = Automatic;
				DEVELOPMENT_TEAM = ZPRFW6HFT6;
				INFOPLIST_FILE = NHAVEditorExamplesTests/Info.plist;
				IPHONEOS_DEPLOYMENT_TARGET = 13.2;
				LD_RUNPATH_SEARCH_PATHS = (
					"$(inherited)",
					"@executable_path/Frameworks",
					"@loader_path/Frameworks",
				);
				PRODUCT_BUNDLE_IDENTIFIER = com.nenhall.test4.NHAVEditorExamplesTests;
				PRODUCT_NAME = "$(TARGET_NAME)";
				SWIFT_VERSION = 5.0;
				TARGETED_DEVICE_FAMILY = "1,2";
				TEST_HOST = "$(BUILT_PRODUCTS_DIR)/NHAVEditorExamples.app/NHAVEditorExamples";
			};
			name = Release;
		};
		EE742D5D239A294E00EE0846 /* Debug */ = {
			isa = XCBuildConfiguration;
			buildSettings = {
				ALWAYS_EMBED_SWIFT_STANDARD_LIBRARIES = YES;
				CODE_SIGN_STYLE = Automatic;
				DEVELOPMENT_TEAM = ZPRFW6HFT6;
				INFOPLIST_FILE = NHAVEditorExamplesUITests/Info.plist;
				LD_RUNPATH_SEARCH_PATHS = (
					"$(inherited)",
					"@executable_path/Frameworks",
					"@loader_path/Frameworks",
				);
				PRODUCT_BUNDLE_IDENTIFIER = com.nenhall.test4.NHAVEditorExamplesUITests;
				PRODUCT_NAME = "$(TARGET_NAME)";
				SWIFT_VERSION = 5.0;
				TARGETED_DEVICE_FAMILY = "1,2";
				TEST_TARGET_NAME = NHAVEditorExamples;
			};
			name = Debug;
		};
		EE742D5E239A294E00EE0846 /* Release */ = {
			isa = XCBuildConfiguration;
			buildSettings = {
				ALWAYS_EMBED_SWIFT_STANDARD_LIBRARIES = YES;
				CODE_SIGN_STYLE = Automatic;
				DEVELOPMENT_TEAM = ZPRFW6HFT6;
				INFOPLIST_FILE = NHAVEditorExamplesUITests/Info.plist;
				LD_RUNPATH_SEARCH_PATHS = (
					"$(inherited)",
					"@executable_path/Frameworks",
					"@loader_path/Frameworks",
				);
				PRODUCT_BUNDLE_IDENTIFIER = com.nenhall.test4.NHAVEditorExamplesUITests;
				PRODUCT_NAME = "$(TARGET_NAME)";
				SWIFT_VERSION = 5.0;
				TARGETED_DEVICE_FAMILY = "1,2";
				TEST_TARGET_NAME = NHAVEditorExamples;
			};
			name = Release;
		};
/* End XCBuildConfiguration section */

/* Begin XCConfigurationList section */
		EE742D27239A294A00EE0846 /* Build configuration list for PBXProject "NHAVEditorExamples" */ = {
			isa = XCConfigurationList;
			buildConfigurations = (
				EE742D54239A294E00EE0846 /* Debug */,
				EE742D55239A294E00EE0846 /* Release */,
			);
			defaultConfigurationIsVisible = 0;
			defaultConfigurationName = Release;
		};
		EE742D56239A294E00EE0846 /* Build configuration list for PBXNativeTarget "NHAVEditorExamples" */ = {
			isa = XCConfigurationList;
			buildConfigurations = (
				EE742D57239A294E00EE0846 /* Debug */,
				EE742D58239A294E00EE0846 /* Release */,
			);
			defaultConfigurationIsVisible = 0;
			defaultConfigurationName = Release;
		};
		EE742D59239A294E00EE0846 /* Build configuration list for PBXNativeTarget "NHAVEditorExamplesTests" */ = {
			isa = XCConfigurationList;
			buildConfigurations = (
				EE742D5A239A294E00EE0846 /* Debug */,
				EE742D5B239A294E00EE0846 /* Release */,
			);
			defaultConfigurationIsVisible = 0;
			defaultConfigurationName = Release;
		};
		EE742D5C239A294E00EE0846 /* Build configuration list for PBXNativeTarget "NHAVEditorExamplesUITests" */ = {
			isa = XCConfigurationList;
			buildConfigurations = (
				EE742D5D239A294E00EE0846 /* Debug */,
				EE742D5E239A294E00EE0846 /* Release */,
			);
			defaultConfigurationIsVisible = 0;
			defaultConfigurationName = Release;
		};
/* End XCConfigurationList section */
	};
	rootObject = EE742D24239A294A00EE0846 /* Project object */;
}
