// !$*UTF8*$!
{
	archiveVersion = 1;
	classes = {
	};
	objectVersion = 51;
	objects = {

/* Begin PBXBuildFile section */
		DD1919602306B10400510E22 /* NSData+NH.m in Sources */ = {isa = PBXBuildFile; fileRef = DD1919432306B10400510E22 /* NSData+NH.m */; };
		DD1919612306B10400510E22 /* NHMediaConfig.m in Sources */ = {isa = PBXBuildFile; fileRef = DD1919452306B10400510E22 /* NHMediaConfig.m */; };
		DD1919622306B10400510E22 /* NHProxy.m in Sources */ = {isa = PBXBuildFile; fileRef = DD1919462306B10400510E22 /* NHProxy.m */; };
		DD1919632306B10400510E22 /* NHTimer.m in Sources */ = {isa = PBXBuildFile; fileRef = DD1919472306B10400510E22 /* NHTimer.m */; };
		DD1919642306B10400510E22 /* NSDate+NH.m in Sources */ = {isa = PBXBuildFile; fileRef = DD1919482306B10400510E22 /* NSDate+NH.m */; };
		DD1919652306B10400510E22 /* NHThread.m in Sources */ = {isa = PBXBuildFile; fileRef = DD19194A2306B10400510E22 /* NHThread.m */; };
		DD1919662306B10400510E22 /* NHGifWriter.m in Sources */ = {isa = PBXBuildFile; fileRef = DD1919522306B10400510E22 /* NHGifWriter.m */; };
		DD1919672306B10400510E22 /* NHAddWatermarkCommand.m in Sources */ = {isa = PBXBuildFile; fileRef = DD1919572306B10400510E22 /* NHAddWatermarkCommand.m */; };
		DD1919682306B10400510E22 /* NHMediaCommand.m in Sources */ = {isa = PBXBuildFile; fileRef = DD1919582306B10400510E22 /* NHMediaCommand.m */; };
		DD1919692306B10400510E22 /* NHPicture.m in Sources */ = {isa = PBXBuildFile; fileRef = DD19195B2306B10400510E22 /* NHPicture.m */; };
		DD19196A2306B10400510E22 /* NHMediaWriter.m in Sources */ = {isa = PBXBuildFile; fileRef = DD19195C2306B10400510E22 /* NHMediaWriter.m */; };
		DD19196B2306B10400510E22 /* NHAddAudioCommand.m in Sources */ = {isa = PBXBuildFile; fileRef = DD19195D2306B10400510E22 /* NHAddAudioCommand.m */; };
		DD19196C2306B10400510E22 /* NHAVEditor.m in Sources */ = {isa = PBXBuildFile; fileRef = DD19195E2306B10400510E22 /* NHAVEditor.m */; };
		DD19196D2306B10400510E22 /* NHMediaExportCommand.m in Sources */ = {isa = PBXBuildFile; fileRef = DD19195F2306B10400510E22 /* NHMediaExportCommand.m */; };
		DD33FE9F230552F500100A72 /* NHCaptureSession.m in Sources */ = {isa = PBXBuildFile; fileRef = DD33FE9E230552F500100A72 /* NHCaptureSession.m */; };
		DD33FEA22305530B00100A72 /* NHVideoConfiguration.m in Sources */ = {isa = PBXBuildFile; fileRef = DD33FEA02305530A00100A72 /* NHVideoConfiguration.m */; };
		DD33FEA82305544900100A72 /* NHCaptureViewController.m in Sources */ = {isa = PBXBuildFile; fileRef = DD33FEA72305544900100A72 /* NHCaptureViewController.m */; };
		DD751F2922F57ED500340C8D /* NHDisplayView.m in Sources */ = {isa = PBXBuildFile; fileRef = DD751F2822F57ED500340C8D /* NHDisplayView.m */; };
		DDAAEFAB2304298600B56F65 /* ImageIO.framework in Frameworks */ = {isa = PBXBuildFile; fileRef = DDAAEFAA2304298600B56F65 /* ImageIO.framework */; };
		DDAAEFAD2304298D00B56F65 /* CoreServices.framework in Frameworks */ = {isa = PBXBuildFile; fileRef = DDAAEFAC2304298D00B56F65 /* CoreServices.framework */; };
		DDB61AB522F568BE00EDC3C6 /* Бамбинтон-Зая.mp4 in Resources */ = {isa = PBXBuildFile; fileRef = DDB61AB422F568BE00EDC3C6 /* Бамбинтон-Зая.mp4 */; };
		DDB61AB722F5691500EDC3C6 /* 黑龙-38度6.mp3 in Resources */ = {isa = PBXBuildFile; fileRef = DDB61AB622F5691500EDC3C6 /* 黑龙-38度6.mp3 */; };
		DDB61ABA22F5748C00EDC3C6 /* NHViewController.m in Sources */ = {isa = PBXBuildFile; fileRef = DDB61AB922F5748C00EDC3C6 /* NHViewController.m */; };
		DDB61ABC22F574BD00EDC3C6 /* AVFoundation.framework in Frameworks */ = {isa = PBXBuildFile; fileRef = DDB61ABB22F574BD00EDC3C6 /* AVFoundation.framework */; };
		DDC9985222FD60F100651D89 /* 一生有你-赵海洋.mp3 in Resources */ = {isa = PBXBuildFile; fileRef = DDC9985122FD60F100651D89 /* 一生有你-赵海洋.mp3 */; };
		DDC9985422FD61EA00651D89 /* logo.png in Resources */ = {isa = PBXBuildFile; fileRef = DDC9985322FD61EA00651D89 /* logo.png */; };
		DDD9AA9A22F5271500A77702 /* AppDelegate.m in Sources */ = {isa = PBXBuildFile; fileRef = DDD9AA9922F5271500A77702 /* AppDelegate.m */; };
		DDD9AAA022F5271500A77702 /* Main.storyboard in Resources */ = {isa = PBXBuildFile; fileRef = DDD9AA9E22F5271500A77702 /* Main.storyboard */; };
		DDD9AAA222F5271600A77702 /* Assets.xcassets in Resources */ = {isa = PBXBuildFile; fileRef = DDD9AAA122F5271600A77702 /* Assets.xcassets */; };
		DDD9AAA522F5271600A77702 /* LaunchScreen.storyboard in Resources */ = {isa = PBXBuildFile; fileRef = DDD9AAA322F5271600A77702 /* LaunchScreen.storyboard */; };
		DDD9AAA822F5271600A77702 /* main.m in Sources */ = {isa = PBXBuildFile; fileRef = DDD9AAA722F5271600A77702 /* main.m */; };
		FC4249C7BCE9C0CDF84E8A9D /* Pods_NHAVEditorExamples.framework in Frameworks */ = {isa = PBXBuildFile; fileRef = 2776AB7BC82B5C5FA84053A0 /* Pods_NHAVEditorExamples.framework */; };
/* End PBXBuildFile section */

/* Begin PBXFileReference section */
		2776AB7BC82B5C5FA84053A0 /* Pods_NHAVEditorExamples.framework */ = {isa = PBXFileReference; explicitFileType = wrapper.framework; includeInIndex = 0; path = Pods_NHAVEditorExamples.framework; sourceTree = BUILT_PRODUCTS_DIR; };
		98363D3779A452B47E34410D /* Pods-NHAVEditorExamples.debug.xcconfig */ = {isa = PBXFileReference; includeInIndex = 1; lastKnownFileType = text.xcconfig; name = "Pods-NHAVEditorExamples.debug.xcconfig"; path = "Target Support Files/Pods-NHAVEditorExamples/Pods-NHAVEditorExamples.debug.xcconfig"; sourceTree = "<group>"; };
		9B6C0CF4BE57C407F9B6C7BD /* Pods-NHAVEditorExamples.release.xcconfig */ = {isa = PBXFileReference; includeInIndex = 1; lastKnownFileType = text.xcconfig; name = "Pods-NHAVEditorExamples.release.xcconfig"; path = "Target Support Files/Pods-NHAVEditorExamples/Pods-NHAVEditorExamples.release.xcconfig"; sourceTree = "<group>"; };
		DD1919402306B10400510E22 /* NHAddWatermarkCommand.h */ = {isa = PBXFileReference; fileEncoding = 4; lastKnownFileType = sourcecode.c.h; path = NHAddWatermarkCommand.h; sourceTree = "<group>"; };
		DD1919422306B10400510E22 /* NSDate+NH.h */ = {isa = PBXFileReference; fileEncoding = 4; lastKnownFileType = sourcecode.c.h; path = "NSDate+NH.h"; sourceTree = "<group>"; };
		DD1919432306B10400510E22 /* NSData+NH.m */ = {isa = PBXFileReference; fileEncoding = 4; lastKnownFileType = sourcecode.c.objc; path = "NSData+NH.m"; sourceTree = "<group>"; };
		DD1919442306B10400510E22 /* NHThread.h */ = {isa = PBXFileReference; fileEncoding = 4; lastKnownFileType = sourcecode.c.h; path = NHThread.h; sourceTree = "<group>"; };
		DD1919452306B10400510E22 /* NHMediaConfig.m */ = {isa = PBXFileReference; fileEncoding = 4; lastKnownFileType = sourcecode.c.objc; path = NHMediaConfig.m; sourceTree = "<group>"; };
		DD1919462306B10400510E22 /* NHProxy.m */ = {isa = PBXFileReference; fileEncoding = 4; lastKnownFileType = sourcecode.c.objc; path = NHProxy.m; sourceTree = "<group>"; };
		DD1919472306B10400510E22 /* NHTimer.m */ = {isa = PBXFileReference; fileEncoding = 4; lastKnownFileType = sourcecode.c.objc; path = NHTimer.m; sourceTree = "<group>"; };
		DD1919482306B10400510E22 /* NSDate+NH.m */ = {isa = PBXFileReference; fileEncoding = 4; lastKnownFileType = sourcecode.c.objc; path = "NSDate+NH.m"; sourceTree = "<group>"; };
		DD1919492306B10400510E22 /* NSData+NH.h */ = {isa = PBXFileReference; fileEncoding = 4; lastKnownFileType = sourcecode.c.h; path = "NSData+NH.h"; sourceTree = "<group>"; };
		DD19194A2306B10400510E22 /* NHThread.m */ = {isa = PBXFileReference; fileEncoding = 4; lastKnownFileType = sourcecode.c.objc; path = NHThread.m; sourceTree = "<group>"; };
		DD19194B2306B10400510E22 /* NHMediaConfig.h */ = {isa = PBXFileReference; fileEncoding = 4; lastKnownFileType = sourcecode.c.h; path = NHMediaConfig.h; sourceTree = "<group>"; };
		DD19194C2306B10400510E22 /* NHAVEditorDefine.h */ = {isa = PBXFileReference; fileEncoding = 4; lastKnownFileType = sourcecode.c.h; path = NHAVEditorDefine.h; sourceTree = "<group>"; };
		DD19194D2306B10400510E22 /* NHTimer.h */ = {isa = PBXFileReference; fileEncoding = 4; lastKnownFileType = sourcecode.c.h; path = NHTimer.h; sourceTree = "<group>"; };
		DD19194E2306B10400510E22 /* NHProxy.h */ = {isa = PBXFileReference; fileEncoding = 4; lastKnownFileType = sourcecode.c.h; path = NHProxy.h; sourceTree = "<group>"; };
		DD19194F2306B10400510E22 /* NHMediaCommand.h */ = {isa = PBXFileReference; fileEncoding = 4; lastKnownFileType = sourcecode.c.h; path = NHMediaCommand.h; sourceTree = "<group>"; };
		DD1919502306B10400510E22 /* NHMediaWriter.h */ = {isa = PBXFileReference; fileEncoding = 4; lastKnownFileType = sourcecode.c.h; path = NHMediaWriter.h; sourceTree = "<group>"; };
		DD1919512306B10400510E22 /* NHPicture.h */ = {isa = PBXFileReference; fileEncoding = 4; lastKnownFileType = sourcecode.c.h; path = NHPicture.h; sourceTree = "<group>"; };
		DD1919522306B10400510E22 /* NHGifWriter.m */ = {isa = PBXFileReference; fileEncoding = 4; lastKnownFileType = sourcecode.c.objc; path = NHGifWriter.m; sourceTree = "<group>"; };
		DD1919532306B10400510E22 /* NHMediaExportCommand.h */ = {isa = PBXFileReference; fileEncoding = 4; lastKnownFileType = sourcecode.c.h; path = NHMediaExportCommand.h; sourceTree = "<group>"; };
		DD1919542306B10400510E22 /* NHAVEditorProtocol.h */ = {isa = PBXFileReference; fileEncoding = 4; lastKnownFileType = sourcecode.c.h; path = NHAVEditorProtocol.h; sourceTree = "<group>"; };
		DD1919552306B10400510E22 /* NHAVEditor.h */ = {isa = PBXFileReference; fileEncoding = 4; lastKnownFileType = sourcecode.c.h; path = NHAVEditor.h; sourceTree = "<group>"; };
		DD1919562306B10400510E22 /* NHAddAudioCommand.h */ = {isa = PBXFileReference; fileEncoding = 4; lastKnownFileType = sourcecode.c.h; path = NHAddAudioCommand.h; sourceTree = "<group>"; };
		DD1919572306B10400510E22 /* NHAddWatermarkCommand.m */ = {isa = PBXFileReference; fileEncoding = 4; lastKnownFileType = sourcecode.c.objc; path = NHAddWatermarkCommand.m; sourceTree = "<group>"; };
		DD1919582306B10400510E22 /* NHMediaCommand.m */ = {isa = PBXFileReference; fileEncoding = 4; lastKnownFileType = sourcecode.c.objc; path = NHMediaCommand.m; sourceTree = "<group>"; };
		DD1919592306B10400510E22 /* NHMediaCommandProtocol.h */ = {isa = PBXFileReference; fileEncoding = 4; lastKnownFileType = sourcecode.c.h; path = NHMediaCommandProtocol.h; sourceTree = "<group>"; };
		DD19195A2306B10400510E22 /* NHGifWriter.h */ = {isa = PBXFileReference; fileEncoding = 4; lastKnownFileType = sourcecode.c.h; path = NHGifWriter.h; sourceTree = "<group>"; };
		DD19195B2306B10400510E22 /* NHPicture.m */ = {isa = PBXFileReference; fileEncoding = 4; lastKnownFileType = sourcecode.c.objc; path = NHPicture.m; sourceTree = "<group>"; };
		DD19195C2306B10400510E22 /* NHMediaWriter.m */ = {isa = PBXFileReference; fileEncoding = 4; lastKnownFileType = sourcecode.c.objc; path = NHMediaWriter.m; sourceTree = "<group>"; };
		DD19195D2306B10400510E22 /* NHAddAudioCommand.m */ = {isa = PBXFileReference; fileEncoding = 4; lastKnownFileType = sourcecode.c.objc; path = NHAddAudioCommand.m; sourceTree = "<group>"; };
		DD19195E2306B10400510E22 /* NHAVEditor.m */ = {isa = PBXFileReference; fileEncoding = 4; lastKnownFileType = sourcecode.c.objc; path = NHAVEditor.m; sourceTree = "<group>"; };
		DD19195F2306B10400510E22 /* NHMediaExportCommand.m */ = {isa = PBXFileReference; fileEncoding = 4; lastKnownFileType = sourcecode.c.objc; path = NHMediaExportCommand.m; sourceTree = "<group>"; };
		DD33FE9D230552F500100A72 /* NHCaptureSession.h */ = {isa = PBXFileReference; lastKnownFileType = sourcecode.c.h; path = NHCaptureSession.h; sourceTree = "<group>"; };
		DD33FE9E230552F500100A72 /* NHCaptureSession.m */ = {isa = PBXFileReference; lastKnownFileType = sourcecode.c.objc; path = NHCaptureSession.m; sourceTree = "<group>"; };
		DD33FEA02305530A00100A72 /* NHVideoConfiguration.m */ = {isa = PBXFileReference; fileEncoding = 4; lastKnownFileType = sourcecode.c.objc; path = NHVideoConfiguration.m; sourceTree = "<group>"; };
		DD33FEA12305530B00100A72 /* NHVideoConfiguration.h */ = {isa = PBXFileReference; fileEncoding = 4; lastKnownFileType = sourcecode.c.h; path = NHVideoConfiguration.h; sourceTree = "<group>"; };
		DD33FEA42305536E00100A72 /* NHCaptureSessionProtocol.h */ = {isa = PBXFileReference; fileEncoding = 4; lastKnownFileType = sourcecode.c.h; path = NHCaptureSessionProtocol.h; sourceTree = "<group>"; };
		DD33FEA62305544900100A72 /* NHCaptureViewController.h */ = {isa = PBXFileReference; lastKnownFileType = sourcecode.c.h; path = NHCaptureViewController.h; sourceTree = "<group>"; };
		DD33FEA72305544900100A72 /* NHCaptureViewController.m */ = {isa = PBXFileReference; lastKnownFileType = sourcecode.c.objc; path = NHCaptureViewController.m; sourceTree = "<group>"; };
		DD751F2722F57ED500340C8D /* NHDisplayView.h */ = {isa = PBXFileReference; lastKnownFileType = sourcecode.c.h; path = NHDisplayView.h; sourceTree = "<group>"; };
		DD751F2822F57ED500340C8D /* NHDisplayView.m */ = {isa = PBXFileReference; lastKnownFileType = sourcecode.c.objc; path = NHDisplayView.m; sourceTree = "<group>"; };
		DDAAEFAA2304298600B56F65 /* ImageIO.framework */ = {isa = PBXFileReference; lastKnownFileType = wrapper.framework; name = ImageIO.framework; path = System/Library/Frameworks/ImageIO.framework; sourceTree = SDKROOT; };
		DDAAEFAC2304298D00B56F65 /* CoreServices.framework */ = {isa = PBXFileReference; lastKnownFileType = wrapper.framework; name = CoreServices.framework; path = System/Library/Frameworks/CoreServices.framework; sourceTree = SDKROOT; };
		DDB61AB422F568BE00EDC3C6 /* Бамбинтон-Зая.mp4 */ = {isa = PBXFileReference; lastKnownFileType = file; path = "Бамбинтон-Зая.mp4"; sourceTree = "<group>"; };
		DDB61AB622F5691500EDC3C6 /* 黑龙-38度6.mp3 */ = {isa = PBXFileReference; lastKnownFileType = audio.mp3; path = "黑龙-38度6.mp3"; sourceTree = "<group>"; };
		DDB61AB822F5748C00EDC3C6 /* NHViewController.h */ = {isa = PBXFileReference; lastKnownFileType = sourcecode.c.h; path = NHViewController.h; sourceTree = "<group>"; };
		DDB61AB922F5748C00EDC3C6 /* NHViewController.m */ = {isa = PBXFileReference; lastKnownFileType = sourcecode.c.objc; path = NHViewController.m; sourceTree = "<group>"; };
		DDB61ABB22F574BD00EDC3C6 /* AVFoundation.framework */ = {isa = PBXFileReference; lastKnownFileType = wrapper.framework; name = AVFoundation.framework; path = System/Library/Frameworks/AVFoundation.framework; sourceTree = SDKROOT; };
		DDC9985122FD60F100651D89 /* 一生有你-赵海洋.mp3 */ = {isa = PBXFileReference; lastKnownFileType = audio.mp3; path = "一生有你-赵海洋.mp3"; sourceTree = "<group>"; };
		DDC9985322FD61EA00651D89 /* logo.png */ = {isa = PBXFileReference; lastKnownFileType = image.png; path = logo.png; sourceTree = "<group>"; };
		DDD9AA9522F5271500A77702 /* NHAVEditorExamples.app */ = {isa = PBXFileReference; explicitFileType = wrapper.application; includeInIndex = 0; path = NHAVEditorExamples.app; sourceTree = BUILT_PRODUCTS_DIR; };
		DDD9AA9822F5271500A77702 /* AppDelegate.h */ = {isa = PBXFileReference; lastKnownFileType = sourcecode.c.h; path = AppDelegate.h; sourceTree = "<group>"; };
		DDD9AA9922F5271500A77702 /* AppDelegate.m */ = {isa = PBXFileReference; lastKnownFileType = sourcecode.c.objc; path = AppDelegate.m; sourceTree = "<group>"; };
		DDD9AA9F22F5271500A77702 /* Base */ = {isa = PBXFileReference; lastKnownFileType = file.storyboard; name = Base; path = Base.lproj/Main.storyboard; sourceTree = "<group>"; };
		DDD9AAA122F5271600A77702 /* Assets.xcassets */ = {isa = PBXFileReference; lastKnownFileType = folder.assetcatalog; path = Assets.xcassets; sourceTree = "<group>"; };
		DDD9AAA422F5271600A77702 /* Base */ = {isa = PBXFileReference; lastKnownFileType = file.storyboard; name = Base; path = Base.lproj/LaunchScreen.storyboard; sourceTree = "<group>"; };
		DDD9AAA622F5271600A77702 /* Info.plist */ = {isa = PBXFileReference; lastKnownFileType = text.plist.xml; path = Info.plist; sourceTree = "<group>"; };
		DDD9AAA722F5271600A77702 /* main.m */ = {isa = PBXFileReference; lastKnownFileType = sourcecode.c.objc; path = main.m; sourceTree = "<group>"; };
/* End PBXFileReference section */

/* Begin PBXFrameworksBuildPhase section */
		DDD9AA9222F5271500A77702 /* Frameworks */ = {
			isa = PBXFrameworksBuildPhase;
			buildActionMask = 2147483647;
			files = (
				DDAAEFAD2304298D00B56F65 /* CoreServices.framework in Frameworks */,
				DDAAEFAB2304298600B56F65 /* ImageIO.framework in Frameworks */,
				DDB61ABC22F574BD00EDC3C6 /* AVFoundation.framework in Frameworks */,
				FC4249C7BCE9C0CDF84E8A9D /* Pods_NHAVEditorExamples.framework in Frameworks */,
			);
			runOnlyForDeploymentPostprocessing = 0;
		};
/* End PBXFrameworksBuildPhase section */

/* Begin PBXGroup section */
		3FF3EA24008BB81E2CDD64B1 /* Pods */ = {
			isa = PBXGroup;
			children = (
				98363D3779A452B47E34410D /* Pods-NHAVEditorExamples.debug.xcconfig */,
				9B6C0CF4BE57C407F9B6C7BD /* Pods-NHAVEditorExamples.release.xcconfig */,
			);
			path = Pods;
			sourceTree = "<group>";
		};
		7B772784DD8CE94E441419C9 /* Frameworks */ = {
			isa = PBXGroup;
			children = (
				DDAAEFAC2304298D00B56F65 /* CoreServices.framework */,
				DDAAEFAA2304298600B56F65 /* ImageIO.framework */,
				DDB61ABB22F574BD00EDC3C6 /* AVFoundation.framework */,
				2776AB7BC82B5C5FA84053A0 /* Pods_NHAVEditorExamples.framework */,
			);
			name = Frameworks;
			sourceTree = "<group>";
		};
		DD19193F2306B10400510E22 /* NHAVEditor */ = {
			isa = PBXGroup;
			children = (
				DD1919562306B10400510E22 /* NHAddAudioCommand.h */,
				DD19195D2306B10400510E22 /* NHAddAudioCommand.m */,
				DD1919402306B10400510E22 /* NHAddWatermarkCommand.h */,
				DD1919572306B10400510E22 /* NHAddWatermarkCommand.m */,
				DD1919552306B10400510E22 /* NHAVEditor.h */,
				DD19195E2306B10400510E22 /* NHAVEditor.m */,
				DD1919542306B10400510E22 /* NHAVEditorProtocol.h */,
				DD19195A2306B10400510E22 /* NHGifWriter.h */,
				DD1919522306B10400510E22 /* NHGifWriter.m */,
				DD19194F2306B10400510E22 /* NHMediaCommand.h */,
				DD1919582306B10400510E22 /* NHMediaCommand.m */,
				DD1919592306B10400510E22 /* NHMediaCommandProtocol.h */,
				DD1919532306B10400510E22 /* NHMediaExportCommand.h */,
				DD19195F2306B10400510E22 /* NHMediaExportCommand.m */,
				DD1919502306B10400510E22 /* NHMediaWriter.h */,
				DD19195C2306B10400510E22 /* NHMediaWriter.m */,
				DD1919512306B10400510E22 /* NHPicture.h */,
				DD19195B2306B10400510E22 /* NHPicture.m */,
				DD1919412306B10400510E22 /* Unit */,
			);
			name = NHAVEditor;
			path = ../../NHAVEditor;
			sourceTree = "<group>";
		};
		DD1919412306B10400510E22 /* Unit */ = {
			isa = PBXGroup;
			children = (
				DD19194C2306B10400510E22 /* NHAVEditorDefine.h */,
				DD19194B2306B10400510E22 /* NHMediaConfig.h */,
				DD1919452306B10400510E22 /* NHMediaConfig.m */,
				DD19194E2306B10400510E22 /* NHProxy.h */,
				DD1919462306B10400510E22 /* NHProxy.m */,
				DD1919442306B10400510E22 /* NHThread.h */,
				DD19194A2306B10400510E22 /* NHThread.m */,
				DD19194D2306B10400510E22 /* NHTimer.h */,
				DD1919472306B10400510E22 /* NHTimer.m */,
				DD1919492306B10400510E22 /* NSData+NH.h */,
				DD1919432306B10400510E22 /* NSData+NH.m */,
				DD1919422306B10400510E22 /* NSDate+NH.h */,
				DD1919482306B10400510E22 /* NSDate+NH.m */,
			);
			path = Unit;
			sourceTree = "<group>";
		};
		DD33FEA52305541300100A72 /* Tool */ = {
			isa = PBXGroup;
			children = (
				DD33FE9D230552F500100A72 /* NHCaptureSession.h */,
				DD33FE9E230552F500100A72 /* NHCaptureSession.m */,
				DD33FEA42305536E00100A72 /* NHCaptureSessionProtocol.h */,
				DD33FEA12305530B00100A72 /* NHVideoConfiguration.h */,
				DD33FEA02305530A00100A72 /* NHVideoConfiguration.m */,
			);
			path = Tool;
			sourceTree = "<group>";
		};
		DDB61AB322F568A400EDC3C6 /* Resources */ = {
			isa = PBXGroup;
			children = (
				DDC9985322FD61EA00651D89 /* logo.png */,
				DDC9985122FD60F100651D89 /* 一生有你-赵海洋.mp3 */,
				DDB61AB622F5691500EDC3C6 /* 黑龙-38度6.mp3 */,
				DDB61AB422F568BE00EDC3C6 /* Бамбинтон-Зая.mp4 */,
			);
			path = Resources;
			sourceTree = "<group>";
		};
		DDB61ABD22F5790A00EDC3C6 /* Libraries */ = {
			isa = PBXGroup;
			children = (
			);
			path = Libraries;
			sourceTree = "<group>";
		};
		DDD9AA8C22F5271500A77702 = {
			isa = PBXGroup;
			children = (
				DDD9AA9722F5271500A77702 /* NHAVEditorExamples */,
				DDD9AA9622F5271500A77702 /* Products */,
				3FF3EA24008BB81E2CDD64B1 /* Pods */,
				7B772784DD8CE94E441419C9 /* Frameworks */,
			);
			sourceTree = "<group>";
		};
		DDD9AA9622F5271500A77702 /* Products */ = {
			isa = PBXGroup;
			children = (
				DDD9AA9522F5271500A77702 /* NHAVEditorExamples.app */,
			);
			name = Products;
			sourceTree = "<group>";
		};
		DDD9AA9722F5271500A77702 /* NHAVEditorExamples */ = {
			isa = PBXGroup;
			children = (
				DD19193F2306B10400510E22 /* NHAVEditor */,
				DDB61AB322F568A400EDC3C6 /* Resources */,
				DDB61ABD22F5790A00EDC3C6 /* Libraries */,
				DD33FEA52305541300100A72 /* Tool */,
				DDD9AA9822F5271500A77702 /* AppDelegate.h */,
				DDD9AA9922F5271500A77702 /* AppDelegate.m */,
				DDB61AB822F5748C00EDC3C6 /* NHViewController.h */,
				DDB61AB922F5748C00EDC3C6 /* NHViewController.m */,
				DD33FEA62305544900100A72 /* NHCaptureViewController.h */,
				DD33FEA72305544900100A72 /* NHCaptureViewController.m */,
				DD751F2722F57ED500340C8D /* NHDisplayView.h */,
				DD751F2822F57ED500340C8D /* NHDisplayView.m */,
				DDD9AA9E22F5271500A77702 /* Main.storyboard */,
				DDD9AAA122F5271600A77702 /* Assets.xcassets */,
				DDD9AAA322F5271600A77702 /* LaunchScreen.storyboard */,
				DDD9AAA622F5271600A77702 /* Info.plist */,
				DDD9AAA722F5271600A77702 /* main.m */,
			);
			path = NHAVEditorExamples;
			sourceTree = "<group>";
		};
/* End PBXGroup section */

/* Begin PBXNativeTarget section */
		DDD9AA9422F5271500A77702 /* NHAVEditorExamples */ = {
			isa = PBXNativeTarget;
			buildConfigurationList = DDD9AAAB22F5271600A77702 /* Build configuration list for PBXNativeTarget "NHAVEditorExamples" */;
			buildPhases = (
				82DFC4FE3C4AE51C232CC907 /* [CP] Check Pods Manifest.lock */,
				DDD9AA9122F5271500A77702 /* Sources */,
				DDD9AA9222F5271500A77702 /* Frameworks */,
				DDD9AA9322F5271500A77702 /* Resources */,
				62ED16EA74166BAA3876446F /* [CP] Embed Pods Frameworks */,
			);
			buildRules = (
			);
			dependencies = (
			);
			name = NHAVEditorExamples;
			productName = NHAVEditorExamples;
			productReference = DDD9AA9522F5271500A77702 /* NHAVEditorExamples.app */;
			productType = "com.apple.product-type.application";
		};
/* End PBXNativeTarget section */

/* Begin PBXProject section */
		DDD9AA8D22F5271500A77702 /* Project object */ = {
			isa = PBXProject;
			attributes = {
				CLASSPREFIX = NH;
				LastUpgradeCheck = 1020;
				ORGANIZATIONNAME = XiuDan;
				TargetAttributes = {
					DDD9AA9422F5271500A77702 = {
						CreatedOnToolsVersion = 10.2.1;
						LastSwiftMigration = 1020;
					};
				};
			};
			buildConfigurationList = DDD9AA9022F5271500A77702 /* Build configuration list for PBXProject "NHAVEditorExamples" */;
			compatibilityVersion = "Xcode 9.3";
			developmentRegion = en;
			hasScannedForEncodings = 0;
			knownRegions = (
				en,
				Base,
			);
			mainGroup = DDD9AA8C22F5271500A77702;
			productRefGroup = DDD9AA9622F5271500A77702 /* Products */;
			projectDirPath = "";
			projectRoot = "";
			targets = (
				DDD9AA9422F5271500A77702 /* NHAVEditorExamples */,
			);
		};
/* End PBXProject section */

/* Begin PBXResourcesBuildPhase section */
		DDD9AA9322F5271500A77702 /* Resources */ = {
			isa = PBXResourcesBuildPhase;
			buildActionMask = 2147483647;
			files = (
				DDD9AAA522F5271600A77702 /* LaunchScreen.storyboard in Resources */,
				DDC9985422FD61EA00651D89 /* logo.png in Resources */,
				DDD9AAA222F5271600A77702 /* Assets.xcassets in Resources */,
				DDB61AB722F5691500EDC3C6 /* 黑龙-38度6.mp3 in Resources */,
				DDD9AAA022F5271500A77702 /* Main.storyboard in Resources */,
				DDC9985222FD60F100651D89 /* 一生有你-赵海洋.mp3 in Resources */,
				DDB61AB522F568BE00EDC3C6 /* Бамбинтон-Зая.mp4 in Resources */,
			);
			runOnlyForDeploymentPostprocessing = 0;
		};
/* End PBXResourcesBuildPhase section */

/* Begin PBXShellScriptBuildPhase section */
		62ED16EA74166BAA3876446F /* [CP] Embed Pods Frameworks */ = {
			isa = PBXShellScriptBuildPhase;
			buildActionMask = 2147483647;
			files = (
			);
			inputFileListPaths = (
				"${PODS_ROOT}/Target Support Files/Pods-NHAVEditorExamples/Pods-NHAVEditorExamples-frameworks-${CONFIGURATION}-input-files.xcfilelist",
			);
			name = "[CP] Embed Pods Frameworks";
			outputFileListPaths = (
				"${PODS_ROOT}/Target Support Files/Pods-NHAVEditorExamples/Pods-NHAVEditorExamples-frameworks-${CONFIGURATION}-output-files.xcfilelist",
			);
			runOnlyForDeploymentPostprocessing = 0;
			shellPath = /bin/sh;
			shellScript = "\"${PODS_ROOT}/Target Support Files/Pods-NHAVEditorExamples/Pods-NHAVEditorExamples-frameworks.sh\"\n";
			showEnvVarsInLog = 0;
		};
		82DFC4FE3C4AE51C232CC907 /* [CP] Check Pods Manifest.lock */ = {
			isa = PBXShellScriptBuildPhase;
			buildActionMask = 2147483647;
			files = (
			);
			inputFileListPaths = (
			);
			inputPaths = (
				"${PODS_PODFILE_DIR_PATH}/Podfile.lock",
				"${PODS_ROOT}/Manifest.lock",
			);
			name = "[CP] Check Pods Manifest.lock";
			outputFileListPaths = (
			);
			outputPaths = (
				"$(DERIVED_FILE_DIR)/Pods-NHAVEditorExamples-checkManifestLockResult.txt",
			);
			runOnlyForDeploymentPostprocessing = 0;
			shellPath = /bin/sh;
			shellScript = "diff \"${PODS_PODFILE_DIR_PATH}/Podfile.lock\" \"${PODS_ROOT}/Manifest.lock\" > /dev/null\nif [ $? != 0 ] ; then\n    # print error to STDERR\n    echo \"error: The sandbox is not in sync with the Podfile.lock. Run 'pod install' or update your CocoaPods installation.\" >&2\n    exit 1\nfi\n# This output is used by Xcode 'outputs' to avoid re-running this script phase.\necho \"SUCCESS\" > \"${SCRIPT_OUTPUT_FILE_0}\"\n";
			showEnvVarsInLog = 0;
		};
/* End PBXShellScriptBuildPhase section */

/* Begin PBXSourcesBuildPhase section */
		DDD9AA9122F5271500A77702 /* Sources */ = {
			isa = PBXSourcesBuildPhase;
			buildActionMask = 2147483647;
			files = (
				DD1919682306B10400510E22 /* NHMediaCommand.m in Sources */,
				DDD9AAA822F5271600A77702 /* main.m in Sources */,
				DD751F2922F57ED500340C8D /* NHDisplayView.m in Sources */,
				DD19196C2306B10400510E22 /* NHAVEditor.m in Sources */,
				DD19196B2306B10400510E22 /* NHAddAudioCommand.m in Sources */,
				DD1919602306B10400510E22 /* NSData+NH.m in Sources */,
				DD1919632306B10400510E22 /* NHTimer.m in Sources */,
				DD19196D2306B10400510E22 /* NHMediaExportCommand.m in Sources */,
				DD33FE9F230552F500100A72 /* NHCaptureSession.m in Sources */,
				DD1919622306B10400510E22 /* NHProxy.m in Sources */,
				DD33FEA82305544900100A72 /* NHCaptureViewController.m in Sources */,
				DD1919672306B10400510E22 /* NHAddWatermarkCommand.m in Sources */,
				DDB61ABA22F5748C00EDC3C6 /* NHViewController.m in Sources */,
				DD33FEA22305530B00100A72 /* NHVideoConfiguration.m in Sources */,
				DD19196A2306B10400510E22 /* NHMediaWriter.m in Sources */,
				DDD9AA9A22F5271500A77702 /* AppDelegate.m in Sources */,
				DD1919642306B10400510E22 /* NSDate+NH.m in Sources */,
				DD1919612306B10400510E22 /* NHMediaConfig.m in Sources */,
				DD1919692306B10400510E22 /* NHPicture.m in Sources */,
				DD1919652306B10400510E22 /* NHThread.m in Sources */,
				DD1919662306B10400510E22 /* NHGifWriter.m in Sources */,
			);
			runOnlyForDeploymentPostprocessing = 0;
		};
/* End PBXSourcesBuildPhase section */

/* Begin PBXVariantGroup section */
		DDD9AA9E22F5271500A77702 /* Main.storyboard */ = {
			isa = PBXVariantGroup;
			children = (
				DDD9AA9F22F5271500A77702 /* Base */,
			);
			name = Main.storyboard;
			sourceTree = "<group>";
		};
		DDD9AAA322F5271600A77702 /* LaunchScreen.storyboard */ = {
			isa = PBXVariantGroup;
			children = (
				DDD9AAA422F5271600A77702 /* Base */,
			);
			name = LaunchScreen.storyboard;
			sourceTree = "<group>";
		};
/* End PBXVariantGroup section */

/* Begin XCBuildConfiguration section */
		DDD9AAA922F5271600A77702 /* Debug */ = {
			isa = XCBuildConfiguration;
			buildSettings = {
				ALWAYS_SEARCH_USER_PATHS = NO;
				CLANG_ANALYZER_NONNULL = YES;
				CLANG_ANALYZER_NUMBER_OBJECT_CONVERSION = YES_AGGRESSIVE;
				CLANG_CXX_LANGUAGE_STANDARD = "gnu++14";
				CLANG_CXX_LIBRARY = "libc++";
				CLANG_ENABLE_MODULES = YES;
				CLANG_ENABLE_OBJC_ARC = YES;
				CLANG_ENABLE_OBJC_WEAK = YES;
				CLANG_WARN_BLOCK_CAPTURE_AUTORELEASING = YES;
				CLANG_WARN_BOOL_CONVERSION = YES;
				CLANG_WARN_COMMA = YES;
				CLANG_WARN_CONSTANT_CONVERSION = YES;
				CLANG_WARN_DEPRECATED_OBJC_IMPLEMENTATIONS = YES;
				CLANG_WARN_DIRECT_OBJC_ISA_USAGE = YES_ERROR;
				CLANG_WARN_DOCUMENTATION_COMMENTS = YES;
				CLANG_WARN_EMPTY_BODY = YES;
				CLANG_WARN_ENUM_CONVERSION = YES;
				CLANG_WARN_INFINITE_RECURSION = YES;
				CLANG_WARN_INT_CONVERSION = YES;
				CLANG_WARN_NON_LITERAL_NULL_CONVERSION = YES;
				CLANG_WARN_OBJC_IMPLICIT_RETAIN_SELF = YES;
				CLANG_WARN_OBJC_LITERAL_CONVERSION = YES;
				CLANG_WARN_OBJC_ROOT_CLASS = YES_ERROR;
				CLANG_WARN_RANGE_LOOP_ANALYSIS = YES;
				CLANG_WARN_STRICT_PROTOTYPES = YES;
				CLANG_WARN_SUSPICIOUS_MOVE = YES;
				CLANG_WARN_UNGUARDED_AVAILABILITY = YES_AGGRESSIVE;
				CLANG_WARN_UNREACHABLE_CODE = YES;
				CLANG_WARN__DUPLICATE_METHOD_MATCH = YES;
				CODE_SIGN_IDENTITY = "iPhone Developer";
				COPY_PHASE_STRIP = NO;
				DEBUG_INFORMATION_FORMAT = dwarf;
				ENABLE_STRICT_OBJC_MSGSEND = YES;
				ENABLE_TESTABILITY = YES;
				GCC_C_LANGUAGE_STANDARD = gnu11;
				GCC_DYNAMIC_NO_PIC = NO;
				GCC_NO_COMMON_BLOCKS = YES;
				GCC_OPTIMIZATION_LEVEL = 0;
				GCC_PREPROCESSOR_DEFINITIONS = (
					"DEBUG=1",
					"$(inherited)",
				);
				GCC_WARN_64_TO_32_BIT_CONVERSION = YES;
				GCC_WARN_ABOUT_RETURN_TYPE = YES_ERROR;
				GCC_WARN_UNDECLARED_SELECTOR = YES;
				GCC_WARN_UNINITIALIZED_AUTOS = YES_AGGRESSIVE;
				GCC_WARN_UNUSED_FUNCTION = YES;
				GCC_WARN_UNUSED_VARIABLE = YES;
				IPHONEOS_DEPLOYMENT_TARGET = 10.0;
				MTL_ENABLE_DEBUG_INFO = INCLUDE_SOURCE;
				MTL_FAST_MATH = YES;
				ONLY_ACTIVE_ARCH = YES;
				SDKROOT = iphoneos;
			};
			name = Debug;
		};
		DDD9AAAA22F5271600A77702 /* Release */ = {
			isa = XCBuildConfiguration;
			buildSettings = {
				ALWAYS_SEARCH_USER_PATHS = NO;
				CLANG_ANALYZER_NONNULL = YES;
				CLANG_ANALYZER_NUMBER_OBJECT_CONVERSION = YES_AGGRESSIVE;
				CLANG_CXX_LANGUAGE_STANDARD = "gnu++14";
				CLANG_CXX_LIBRARY = "libc++";
				CLANG_ENABLE_MODULES = YES;
				CLANG_ENABLE_OBJC_ARC = YES;
				CLANG_ENABLE_OBJC_WEAK = YES;
				CLANG_WARN_BLOCK_CAPTURE_AUTORELEASING = YES;
				CLANG_WARN_BOOL_CONVERSION = YES;
				CLANG_WARN_COMMA = YES;
				CLANG_WARN_CONSTANT_CONVERSION = YES;
				CLANG_WARN_DEPRECATED_OBJC_IMPLEMENTATIONS = YES;
				CLANG_WARN_DIRECT_OBJC_ISA_USAGE = YES_ERROR;
				CLANG_WARN_DOCUMENTATION_COMMENTS = YES;
				CLANG_WARN_EMPTY_BODY = YES;
				CLANG_WARN_ENUM_CONVERSION = YES;
				CLANG_WARN_INFINITE_RECURSION = YES;
				CLANG_WARN_INT_CONVERSION = YES;
				CLANG_WARN_NON_LITERAL_NULL_CONVERSION = YES;
				CLANG_WARN_OBJC_IMPLICIT_RETAIN_SELF = YES;
				CLANG_WARN_OBJC_LITERAL_CONVERSION = YES;
				CLANG_WARN_OBJC_ROOT_CLASS = YES_ERROR;
				CLANG_WARN_RANGE_LOOP_ANALYSIS = YES;
				CLANG_WARN_STRICT_PROTOTYPES = YES;
				CLANG_WARN_SUSPICIOUS_MOVE = YES;
				CLANG_WARN_UNGUARDED_AVAILABILITY = YES_AGGRESSIVE;
				CLANG_WARN_UNREACHABLE_CODE = YES;
				CLANG_WARN__DUPLICATE_METHOD_MATCH = YES;
				CODE_SIGN_IDENTITY = "iPhone Developer";
				COPY_PHASE_STRIP = NO;
				DEBUG_INFORMATION_FORMAT = "dwarf-with-dsym";
				ENABLE_NS_ASSERTIONS = NO;
				ENABLE_STRICT_OBJC_MSGSEND = YES;
				GCC_C_LANGUAGE_STANDARD = gnu11;
				GCC_NO_COMMON_BLOCKS = YES;
				GCC_WARN_64_TO_32_BIT_CONVERSION = YES;
				GCC_WARN_ABOUT_RETURN_TYPE = YES_ERROR;
				GCC_WARN_UNDECLARED_SELECTOR = YES;
				GCC_WARN_UNINITIALIZED_AUTOS = YES_AGGRESSIVE;
				GCC_WARN_UNUSED_FUNCTION = YES;
				GCC_WARN_UNUSED_VARIABLE = YES;
				IPHONEOS_DEPLOYMENT_TARGET = 10.0;
				MTL_ENABLE_DEBUG_INFO = NO;
				MTL_FAST_MATH = YES;
				SDKROOT = iphoneos;
				VALIDATE_PRODUCT = YES;
			};
			name = Release;
		};
		DDD9AAAC22F5271600A77702 /* Debug */ = {
			isa = XCBuildConfiguration;
			baseConfigurationReference = 98363D3779A452B47E34410D /* Pods-NHAVEditorExamples.debug.xcconfig */;
			buildSettings = {
				ASSETCATALOG_COMPILER_APPICON_NAME = AppIcon;
				CLANG_ENABLE_MODULES = YES;
				CODE_SIGN_STYLE = Automatic;
				DEFINES_MODULE = YES;
				DEVELOPMENT_TEAM = PE9T4WTY22;
				INFOPLIST_FILE = NHAVEditorExamples/Info.plist;
				IPHONEOS_DEPLOYMENT_TARGET = 9.0;
				LD_RUNPATH_SEARCH_PATHS = (
					"$(inherited)",
					"@executable_path/Frameworks",
				);
				PRODUCT_BUNDLE_IDENTIFIER = XiuDan.NHAVEditorExamples;
				PRODUCT_NAME = "$(TARGET_NAME)";
				SWIFT_OBJC_INTERFACE_HEADER_NAME = "$(PRODUCT_MODULE_NAME)-Swift.h";
				SWIFT_OPTIMIZATION_LEVEL = "-Onone";
				SWIFT_VERSION = 4.2;
				TARGETED_DEVICE_FAMILY = "1,2";
			};
			name = Debug;
		};
		DDD9AAAD22F5271600A77702 /* Release */ = {
			isa = XCBuildConfiguration;
			baseConfigurationReference = 9B6C0CF4BE57C407F9B6C7BD /* Pods-NHAVEditorExamples.release.xcconfig */;
			buildSettings = {
				ASSETCATALOG_COMPILER_APPICON_NAME = AppIcon;
				CLANG_ENABLE_MODULES = YES;
				CODE_SIGN_STYLE = Automatic;
				DEFINES_MODULE = YES;
				DEVELOPMENT_TEAM = PE9T4WTY22;
				INFOPLIST_FILE = NHAVEditorExamples/Info.plist;
				IPHONEOS_DEPLOYMENT_TARGET = 9.0;
				LD_RUNPATH_SEARCH_PATHS = (
					"$(inherited)",
					"@executable_path/Frameworks",
				);
				PRODUCT_BUNDLE_IDENTIFIER = XiuDan.NHAVEditorExamples;
				PRODUCT_NAME = "$(TARGET_NAME)";
				SWIFT_OBJC_INTERFACE_HEADER_NAME = "$(PRODUCT_MODULE_NAME)-Swift.h";
				SWIFT_VERSION = 4.2;
				TARGETED_DEVICE_FAMILY = "1,2";
			};
			name = Release;
		};
/* End XCBuildConfiguration section */

/* Begin XCConfigurationList section */
		DDD9AA9022F5271500A77702 /* Build configuration list for PBXProject "NHAVEditorExamples" */ = {
			isa = XCConfigurationList;
			buildConfigurations = (
				DDD9AAA922F5271600A77702 /* Debug */,
				DDD9AAAA22F5271600A77702 /* Release */,
			);
			defaultConfigurationIsVisible = 0;
			defaultConfigurationName = Release;
		};
		DDD9AAAB22F5271600A77702 /* Build configuration list for PBXNativeTarget "NHAVEditorExamples" */ = {
			isa = XCConfigurationList;
			buildConfigurations = (
				DDD9AAAC22F5271600A77702 /* Debug */,
				DDD9AAAD22F5271600A77702 /* Release */,
			);
			defaultConfigurationIsVisible = 0;
			defaultConfigurationName = Release;
		};
/* End XCConfigurationList section */
	};
	rootObject = DDD9AA8D22F5271500A77702 /* Project object */;
}
